PODS:
  - ssp-ios-sdk-public (0.0.5)

DEPENDENCIES:
  - ssp-ios-sdk-public (from `../`)

EXTERNAL SOURCES:
  ssp-ios-sdk-public:
    :path: "../"

SPEC CHECKSUMS:
  ssp-ios-sdk-public: 167432d6b51c4aa5f73e675f9d6b0d7eca847625

PODFILE CHECKSUM: f6d0f892de80b7b48d3e4999df844c999d2e0f3f

COCOAPODS: 1.10.1
